{
  "originHash" : "697aa010c4eecb3b36394fbbe6507f81c4616af62e4e00f65929ab8d13f1701a",
  "pins" : [
    {
      "identity" : "grdb.swift",
      "kind" : "remoteSourceControl",
      "location" : "https://github.com/groue/GRDB.swift",
      "state" : {
        "branch" : "master",
        "revision" : "36e30a6f1ef10e4194f6af0cff90888526f0c115"
      }
    },
    {
      "identity" : "json-logic-swift",
      "kind" : "remoteSourceControl",
      "location" : "https://github.com/advantagefse/json-logic-swift",
      "state" : {
        "revision" : "9088eed1b26937fe13d248aa24d7632a51be28e2",
        "version" : "1.2.4"
      }
    },
    {
      "identity" : "mixpanel-swift",
      "kind" : "remoteSourceControl",
      "location" : "https://github.com/mixpanel/mixpanel-swift",
      "state" : {
        "revision" : "aa0638722c88e6923f9faa312ec6372e440034d0",
        "version" : "6.4.0"
      }
    },
    {
      "identity" : "mixpanel-swift-common",
      "kind" : "remoteSourceControl",
      "location" : "https://github.com/mixpanel/mixpanel-swift-common.git",
      "state" : {
        "revision" : "ffd168d972a1bea7e86104f253a3e105c69217e5",
        "version" : "1.0.1"
      }
    }
  ],
  "version" : 3
}
